
Microsoft Visual Studio Solution File, Format Version 12.00
# Visual Studio Version 16
VisualStudioVersion = 16.0.30517.126
MinimumVisualStudioVersion = 10.0.40219.1
Project("{9A19103F-16F7-4668-BE54-9A1E7A4F7556}") = "Countries.GraphQL", "Countries.GraphQL\Countries.GraphQL.csproj", "{733613EA-EE41-4565-8D16-469B05AC9814}"
EndProject
Project("{FAE04EC0-301F-11D3-BF4B-00C04F79EFBC}") = "Countries.Database", "Countries.Database\Countries.Database.csproj", "{1DE70473-BF6E-433B-A8AB-44358944686C}"
EndProject
Project("{FAE04EC0-301F-11D3-BF4B-00C04F79EFBC}") = "Countries.Domain", "Countries.Domain\Countries.Domain.csproj", "{5C3F8DE7-FA11-4D76-AEFF-B0A824FFCD1C}"
EndProject
Global
	GlobalSection(SolutionConfigurationPlatforms) = preSolution
		Debug|Any CPU = Debug|Any CPU
		Release|Any CPU = Release|Any CPU
	EndGlobalSection
	GlobalSection(ProjectConfigurationPlatforms) = postSolution
		{733613EA-EE41-4565-8D16-469B05AC9814}.Debug|Any CPU.ActiveCfg = Debug|Any CPU
		{733613EA-EE41-4565-8D16-469B05AC9814}.Debug|Any CPU.Build.0 = Debug|Any CPU
		{733613EA-EE41-4565-8D16-469B05AC9814}.Release|Any CPU.ActiveCfg = Release|Any CPU
		{733613EA-EE41-4565-8D16-469B05AC9814}.Release|Any CPU.Build.0 = Release|Any CPU
		{1DE70473-BF6E-433B-A8AB-44358944686C}.Debug|Any CPU.ActiveCfg = Debug|Any CPU
		{1DE70473-BF6E-433B-A8AB-44358944686C}.Debug|Any CPU.Build.0 = Debug|Any CPU
		{1DE70473-BF6E-433B-A8AB-44358944686C}.Release|Any CPU.ActiveCfg = Release|Any CPU
		{1DE70473-BF6E-433B-A8AB-44358944686C}.Release|Any CPU.Build.0 = Release|Any CPU
		{5C3F8DE7-FA11-4D76-AEFF-B0A824FFCD1C}.Debug|Any CPU.ActiveCfg = Debug|Any CPU
		{5C3F8DE7-FA11-4D76-AEFF-B0A824FFCD1C}.Debug|Any CPU.Build.0 = Debug|Any CPU
		{5C3F8DE7-FA11-4D76-AEFF-B0A824FFCD1C}.Release|Any CPU.ActiveCfg = Release|Any CPU
		{5C3F8DE7-FA11-4D76-AEFF-B0A824FFCD1C}.Release|Any CPU.Build.0 = Release|Any CPU
	EndGlobalSection
	GlobalSection(SolutionProperties) = preSolution
		HideSolutionNode = FALSE
	EndGlobalSection
	GlobalSection(ExtensibilityGlobals) = postSolution
		SolutionGuid = {D1FE0C66-465A-45BF-87A2-F3068402BFD4}
	EndGlobalSection
EndGlobal
